
Microsoft Visual Studio Solution File, Format Version 12.00
# Visual Studio 15
VisualStudioVersion = 15.0.26730.3
MinimumVisualStudioVersion = 10.0.40219.1
Project("{8BC9CEB8-8B4A-11D0-8D11-00A0C91BC942}") = "F1 Manager 2018", "F1 Manager 2018\F1 Manager 2018.vcxproj", "{6A9B13D2-60EC-4AB4-91F0-761C7A5A1F36}"
EndProject
Global
	GlobalSection(SolutionConfigurationPlatforms) = preSolution
		Debug|x64 = Debug|x64
		Debug|x86 = Debug|x86
		Release|x64 = Release|x64
		Release|x86 = Release|x86
	EndGlobalSection
	GlobalSection(ProjectConfigurationPlatforms) = postSolution
		{6A9B13D2-60EC-4AB4-91F0-761C7A5A1F36}.Debug|x64.ActiveCfg = Debug|x64
		{6A9B13D2-60EC-4AB4-91F0-761C7A5A1F36}.Debug|x64.Build.0 = Debug|x64
		{6A9B13D2-60EC-4AB4-91F0-761C7A5A1F36}.Debug|x86.ActiveCfg = Debug|Win32
		{6A9B13D2-60EC-4AB4-91F0-761C7A5A1F36}.Debug|x86.Build.0 = Debug|Win32
		{6A9B13D2-60EC-4AB4-91F0-761C7A5A1F36}.Release|x64.ActiveCfg = Release|x64
		{6A9B13D2-60EC-4AB4-91F0-761C7A5A1F36}.Release|x64.Build.0 = Release|x64
		{6A9B13D2-60EC-4AB4-91F0-761C7A5A1F36}.Release|x86.ActiveCfg = Release|Win32
		{6A9B13D2-60EC-4AB4-91F0-761C7A5A1F36}.Release|x86.Build.0 = Release|Win32
	EndGlobalSection
	GlobalSection(SolutionProperties) = preSolution
		HideSolutionNode = FALSE
	EndGlobalSection
	GlobalSection(ExtensibilityGlobals) = postSolution
		SolutionGuid = {FA7D7978-6D84-4A11-B63F-812FF84C8077}
	EndGlobalSection
EndGlobal
